
Microsoft Visual Studio Solution File, Format Version 12.00
# Visual Studio Version 17
VisualStudioVersion = 17.1.32328.378
MinimumVisualStudioVersion = 10.0.40219.1
Project("{FAE04EC0-301F-11D3-BF4B-00C04F79EFBC}") = "TennisGame", "TennisGame.csproj", "{618B3533-39EE-4483-A765-B49B3C94FACB}"
EndProject
Global
	GlobalSection(SolutionConfigurationPlatforms) = preSolution
		Debug|Any CPU = Debug|Any CPU
		Release|Any CPU = Release|Any CPU
	EndGlobalSection
	GlobalSection(ProjectConfigurationPlatforms) = postSolution
		{618B3533-39EE-4483-A765-B49B3C94FACB}.Debug|Any CPU.ActiveCfg = Debug|Any CPU
		{618B3533-39EE-4483-A765-B49B3C94FACB}.Debug|Any CPU.Build.0 = Debug|Any CPU
		{618B3533-39EE-4483-A765-B49B3C94FACB}.Release|Any CPU.ActiveCfg = Release|Any CPU
		{618B3533-39EE-4483-A765-B49B3C94FACB}.Release|Any CPU.Build.0 = Release|Any CPU
	EndGlobalSection
	GlobalSection(SolutionProperties) = preSolution
		HideSolutionNode = FALSE
	EndGlobalSection
	GlobalSection(ExtensibilityGlobals) = postSolution
		SolutionGuid = {762D355F-1768-401D-9C46-666389CE009A}
	EndGlobalSection
EndGlobal
